
Microsoft Visual Studio Solution File, Format Version 11.00
# Visual Studio 2010
# SharpDevelop 4.3
Project("{FAE04EC0-301F-11D3-BF4B-00C04F79EFBC}") = "CodeTemplater", "CodeTemplater.csproj", "{52F874FE-4758-4963-ADB1-B7D86CCBDE32}"
EndProject
Project("{FAE04EC0-301F-11D3-BF4B-00C04F79EFBC}") = "CodeTemplaterLib", "..\CodeTemplaterLib\CodeTemplaterLib.csproj", "{27047A97-FD88-40E3-971D-F49537097ACA}"
EndProject
Project("{FAE04EC0-301F-11D3-BF4B-00C04F79EFBC}") = "CommonLang", "..\..\CommonLang\CommonLang\CommonLang.csproj", "{EE91293B-2731-4D7F-8BB1-C8F8405F06AC}"
EndProject
Global
	GlobalSection(SolutionConfigurationPlatforms) = preSolution
		Debug|Any CPU = Debug|Any CPU
		Release|Any CPU = Release|Any CPU
	EndGlobalSection
	GlobalSection(ProjectConfigurationPlatforms) = postSolution
		{52F874FE-4758-4963-ADB1-B7D86CCBDE32}.Debug|Any CPU.Build.0 = Debug|Any CPU
		{52F874FE-4758-4963-ADB1-B7D86CCBDE32}.Debug|Any CPU.ActiveCfg = Debug|Any CPU
		{52F874FE-4758-4963-ADB1-B7D86CCBDE32}.Release|Any CPU.Build.0 = Release|Any CPU
		{52F874FE-4758-4963-ADB1-B7D86CCBDE32}.Release|Any CPU.ActiveCfg = Release|Any CPU
		{27047A97-FD88-40E3-971D-F49537097ACA}.Debug|Any CPU.Build.0 = Debug|Any CPU
		{27047A97-FD88-40E3-971D-F49537097ACA}.Debug|Any CPU.ActiveCfg = Debug|Any CPU
		{27047A97-FD88-40E3-971D-F49537097ACA}.Release|Any CPU.Build.0 = Release|Any CPU
		{27047A97-FD88-40E3-971D-F49537097ACA}.Release|Any CPU.ActiveCfg = Release|Any CPU
		{EE91293B-2731-4D7F-8BB1-C8F8405F06AC}.Debug|Any CPU.Build.0 = Debug|x86
		{EE91293B-2731-4D7F-8BB1-C8F8405F06AC}.Debug|Any CPU.ActiveCfg = Debug|x86
		{EE91293B-2731-4D7F-8BB1-C8F8405F06AC}.Release|Any CPU.Build.0 = Release|x86
		{EE91293B-2731-4D7F-8BB1-C8F8405F06AC}.Release|Any CPU.ActiveCfg = Release|x86
	EndGlobalSection
EndGlobal
